
Microsoft Visual Studio Solution File, Format Version 12.00
# Visual Studio Version 16
VisualStudioVersion = 16.0.31624.102
MinimumVisualStudioVersion = 10.0.40219.1
Project("{8BC9CEB8-8B4A-11D0-8D11-00A0C91BC942}") = "Kursach", "Kursach.vcxproj", "{71AB8706-CE1C-42DB-BDE9-F9EE44477518}"
EndProject
Global
	GlobalSection(SolutionConfigurationPlatforms) = preSolution
		Debug|x64 = Debug|x64
		Debug|x86 = Debug|x86
		Release|x64 = Release|x64
		Release|x86 = Release|x86
	EndGlobalSection
	GlobalSection(ProjectConfigurationPlatforms) = postSolution
		{71AB8706-CE1C-42DB-BDE9-F9EE44477518}.Debug|x64.ActiveCfg = Debug|x64
		{71AB8706-CE1C-42DB-BDE9-F9EE44477518}.Debug|x64.Build.0 = Debug|x64
		{71AB8706-CE1C-42DB-BDE9-F9EE44477518}.Debug|x86.ActiveCfg = Debug|Win32
		{71AB8706-CE1C-42DB-BDE9-F9EE44477518}.Debug|x86.Build.0 = Debug|Win32
		{71AB8706-CE1C-42DB-BDE9-F9EE44477518}.Release|x64.ActiveCfg = Release|x64
		{71AB8706-CE1C-42DB-BDE9-F9EE44477518}.Release|x64.Build.0 = Release|x64
		{71AB8706-CE1C-42DB-BDE9-F9EE44477518}.Release|x86.ActiveCfg = Release|Win32
		{71AB8706-CE1C-42DB-BDE9-F9EE44477518}.Release|x86.Build.0 = Release|Win32
	EndGlobalSection
	GlobalSection(SolutionProperties) = preSolution
		HideSolutionNode = FALSE
	EndGlobalSection
	GlobalSection(ExtensibilityGlobals) = postSolution
		SolutionGuid = {D2131ED4-9A27-496E-B2CB-87AF2D002C21}
	EndGlobalSection
EndGlobal
